Brotli1.1.0
MarkupSafe3.0.2
PyYAML6.0.2
annotated-types0.7.0
anyio4.10.0
beautifulsoup44.13.5
certifi2025.8.3
cffi1.17.1
charset-normalizer3.4.3
click8.2.1
cssselect20.8.0
fastapi0.116.1
fonttools4.59.1
grpcio1.74.0
h110.16.0
h24.3.0
hpack4.1.0
htmldocx0.0.6
httpcore1.0.9
httptools0.6.4
httpx0.28.1
hyperframe6.1.0
idna3.10
jinja23.1.6
lxml6.0.1
numpy2.3.2
orjson3.11.2
pillow11.3.0
pip24.0
portalocker3.2.0
protobuf6.32.0
pycparser2.22
pydantic-core2.33.2
pydantic2.11.7
pydyf0.11.0
pyphen0.17.2
python-docx1.2.0
python-dotenv1.1.1
python-multipart0.0.20
qdrant-client1.15.1
requests2.32.5
setuptools65.5.1
sniffio1.3.1
soupsieve2.7
starlette0.47.3
tinycss21.4.0
tinyhtml52.0.0
typing-extensions4.14.1
typing-inspection0.4.1
urllib32.5.0
uvicorn0.35.0
uvloop0.21.0
watchfiles1.1.0
weasyprint66.0
webencodings0.5.1
websockets15.0.1
wheel0.45.1
zopfli0.2.3.post1
